# This file is automatically @generated by Cargo.
# It is not intended for manual editing.
version = 4

[[package]]
name = "seed-stability"
version = "0.1.0"
dependencies = [
 "ternary-arena",
 "ternary-dice",
 "ternary-genome",
 "ternary-seed",
]

[[package]]
name = "ternary-arena"
version = "0.1.0"

[[package]]
name = "ternary-dice"
version = "0.1.0"

[[package]]
name = "ternary-genome"
version = "0.1.0"

[[package]]
name = "ternary-seed"
version = "0.1.0"
