# This file is automatically @generated by Cargo.
# It is not intended for manual editing.
version = 4

[[package]]
name = "mud-ternary-bridge"
version = "0.1.0"
dependencies = [
 "ternary-cell",
 "ternary-current",
 "ternary-ecosystem",
 "ternary-room",
]

[[package]]
name = "ternary-cell"
version = "0.1.0"

[[package]]
name = "ternary-current"
version = "0.1.0"

[[package]]
name = "ternary-ecosystem"
version = "0.1.0"

[[package]]
name = "ternary-room"
version = "0.1.0"
